
Microsoft Visual Studio Solution File, Format Version 12.00
# Visual Studio Version 17
VisualStudioVersion = 17.4.33213.308
MinimumVisualStudioVersion = 10.0.40219.1
Project("{FAE04EC0-301F-11D3-BF4B-00C04F79EFBC}") = "FunscriptToolbox", "FunscriptToolbox\FunscriptToolbox.csproj", "{D38632A2-745C-478F-86B5-FB26B4C00570}"
	ProjectSection(ProjectDependencies) = postProject
		{0FE8AF61-A2B7-4D54-A585-AF36D1E83E2F} = {0FE8AF61-A2B7-4D54-A585-AF36D1E83E2F}
	EndProjectSection
EndProject
Project("{FAE04EC0-301F-11D3-BF4B-00C04F79EFBC}") = "AudioSynchronization", "AudioSynchronization\AudioSynchronization.csproj", "{EEECF34B-1BB8-4209-AF1D-99AD25A481A4}"
EndProject
Project("{FAE04EC0-301F-11D3-BF4B-00C04F79EFBC}") = "FunscriptToolbox.Core", "FunscriptToolbox.Core\FunscriptToolbox.Core.csproj", "{6C1D2FAE-5F3D-495A-A8EB-12D258C1E866}"
EndProject
Project("{8BC9CEB8-8B4A-11D0-8D11-00A0C91BC942}") = "MotionVectorsExtractor", "MotionVectorsExtractor\MotionVectorsExtractor.vcxproj", "{0FE8AF61-A2B7-4D54-A585-AF36D1E83E2F}"
EndProject
Project("{FAE04EC0-301F-11D3-BF4B-00C04F79EFBC}") = "FunscriptToolbox.UI", "FunscriptToolbox.UI\FunscriptToolbox.UI.csproj", "{1662D347-7920-40F8-94BD-8F0FEBD61980}"
EndProject
Global
	GlobalSection(SolutionConfigurationPlatforms) = preSolution
		Debug|Any CPU = Debug|Any CPU
		Debug|x64 = Debug|x64
		Debug|x86 = Debug|x86
		Release|Any CPU = Release|Any CPU
		Release|x64 = Release|x64
		Release|x86 = Release|x86
	EndGlobalSection
	GlobalSection(ProjectConfigurationPlatforms) = postSolution
		{D38632A2-745C-478F-86B5-FB26B4C00570}.Debug|Any CPU.ActiveCfg = Debug|Any CPU
		{D38632A2-745C-478F-86B5-FB26B4C00570}.Debug|Any CPU.Build.0 = Debug|Any CPU
		{D38632A2-745C-478F-86B5-FB26B4C00570}.Debug|x64.ActiveCfg = Debug|Any CPU
		{D38632A2-745C-478F-86B5-FB26B4C00570}.Debug|x64.Build.0 = Debug|Any CPU
		{D38632A2-745C-478F-86B5-FB26B4C00570}.Debug|x86.ActiveCfg = Debug|Any CPU
		{D38632A2-745C-478F-86B5-FB26B4C00570}.Debug|x86.Build.0 = Debug|Any CPU
		{D38632A2-745C-478F-86B5-FB26B4C00570}.Release|Any CPU.ActiveCfg = Release|Any CPU
		{D38632A2-745C-478F-86B5-FB26B4C00570}.Release|Any CPU.Build.0 = Release|Any CPU
		{D38632A2-745C-478F-86B5-FB26B4C00570}.Release|x64.ActiveCfg = Release|Any CPU
		{D38632A2-745C-478F-86B5-FB26B4C00570}.Release|x64.Build.0 = Release|Any CPU
		{D38632A2-745C-478F-86B5-FB26B4C00570}.Release|x86.ActiveCfg = Release|Any CPU
		{D38632A2-745C-478F-86B5-FB26B4C00570}.Release|x86.Build.0 = Release|Any CPU
		{EEECF34B-1BB8-4209-AF1D-99AD25A481A4}.Debug|Any CPU.ActiveCfg = Debug|Any CPU
		{EEECF34B-1BB8-4209-AF1D-99AD25A481A4}.Debug|Any CPU.Build.0 = Debug|Any CPU
		{EEECF34B-1BB8-4209-AF1D-99AD25A481A4}.Debug|x64.ActiveCfg = Debug|Any CPU
		{EEECF34B-1BB8-4209-AF1D-99AD25A481A4}.Debug|x64.Build.0 = Debug|Any CPU
		{EEECF34B-1BB8-4209-AF1D-99AD25A481A4}.Debug|x86.ActiveCfg = Debug|Any CPU
		{EEECF34B-1BB8-4209-AF1D-99AD25A481A4}.Debug|x86.Build.0 = Debug|Any CPU
		{EEECF34B-1BB8-4209-AF1D-99AD25A481A4}.Release|Any CPU.ActiveCfg = Release|Any CPU
		{EEECF34B-1BB8-4209-AF1D-99AD25A481A4}.Release|Any CPU.Build.0 = Release|Any CPU
		{EEECF34B-1BB8-4209-AF1D-99AD25A481A4}.Release|x64.ActiveCfg = Release|Any CPU
		{EEECF34B-1BB8-4209-AF1D-99AD25A481A4}.Release|x64.Build.0 = Release|Any CPU
		{EEECF34B-1BB8-4209-AF1D-99AD25A481A4}.Release|x86.ActiveCfg = Release|Any CPU
		{EEECF34B-1BB8-4209-AF1D-99AD25A481A4}.Release|x86.Build.0 = Release|Any CPU
		{6C1D2FAE-5F3D-495A-A8EB-12D258C1E866}.Debug|Any CPU.ActiveCfg = Debug|Any CPU
		{6C1D2FAE-5F3D-495A-A8EB-12D258C1E866}.Debug|Any CPU.Build.0 = Debug|Any CPU
		{6C1D2FAE-5F3D-495A-A8EB-12D258C1E866}.Debug|x64.ActiveCfg = Debug|Any CPU
		{6C1D2FAE-5F3D-495A-A8EB-12D258C1E866}.Debug|x64.Build.0 = Debug|Any CPU
		{6C1D2FAE-5F3D-495A-A8EB-12D258C1E866}.Debug|x86.ActiveCfg = Debug|Any CPU
		{6C1D2FAE-5F3D-495A-A8EB-12D258C1E866}.Debug|x86.Build.0 = Debug|Any CPU
		{6C1D2FAE-5F3D-495A-A8EB-12D258C1E866}.Release|Any CPU.ActiveCfg = Release|Any CPU
		{6C1D2FAE-5F3D-495A-A8EB-12D258C1E866}.Release|Any CPU.Build.0 = Release|Any CPU
		{6C1D2FAE-5F3D-495A-A8EB-12D258C1E866}.Release|x64.ActiveCfg = Release|Any CPU
		{6C1D2FAE-5F3D-495A-A8EB-12D258C1E866}.Release|x64.Build.0 = Release|Any CPU
		{6C1D2FAE-5F3D-495A-A8EB-12D258C1E866}.Release|x86.ActiveCfg = Release|Any CPU
		{6C1D2FAE-5F3D-495A-A8EB-12D258C1E866}.Release|x86.Build.0 = Release|Any CPU
		{0FE8AF61-A2B7-4D54-A585-AF36D1E83E2F}.Debug|Any CPU.ActiveCfg = Debug|x64
		{0FE8AF61-A2B7-4D54-A585-AF36D1E83E2F}.Debug|Any CPU.Build.0 = Debug|x64
		{0FE8AF61-A2B7-4D54-A585-AF36D1E83E2F}.Debug|x64.ActiveCfg = Debug|x64
		{0FE8AF61-A2B7-4D54-A585-AF36D1E83E2F}.Debug|x64.Build.0 = Debug|x64
		{0FE8AF61-A2B7-4D54-A585-AF36D1E83E2F}.Debug|x86.ActiveCfg = Debug|Win32
		{0FE8AF61-A2B7-4D54-A585-AF36D1E83E2F}.Debug|x86.Build.0 = Debug|Win32
		{0FE8AF61-A2B7-4D54-A585-AF36D1E83E2F}.Release|Any CPU.ActiveCfg = Release|x64
		{0FE8AF61-A2B7-4D54-A585-AF36D1E83E2F}.Release|Any CPU.Build.0 = Release|x64
		{0FE8AF61-A2B7-4D54-A585-AF36D1E83E2F}.Release|x64.ActiveCfg = Release|x64
		{0FE8AF61-A2B7-4D54-A585-AF36D1E83E2F}.Release|x64.Build.0 = Release|x64
		{0FE8AF61-A2B7-4D54-A585-AF36D1E83E2F}.Release|x86.ActiveCfg = Release|Win32
		{0FE8AF61-A2B7-4D54-A585-AF36D1E83E2F}.Release|x86.Build.0 = Release|Win32
		{1662D347-7920-40F8-94BD-8F0FEBD61980}.Debug|Any CPU.ActiveCfg = Debug|Any CPU
		{1662D347-7920-40F8-94BD-8F0FEBD61980}.Debug|Any CPU.Build.0 = Debug|Any CPU
		{1662D347-7920-40F8-94BD-8F0FEBD61980}.Debug|x64.ActiveCfg = Debug|Any CPU
		{1662D347-7920-40F8-94BD-8F0FEBD61980}.Debug|x64.Build.0 = Debug|Any CPU
		{1662D347-7920-40F8-94BD-8F0FEBD61980}.Debug|x86.ActiveCfg = Debug|Any CPU
		{1662D347-7920-40F8-94BD-8F0FEBD61980}.Debug|x86.Build.0 = Debug|Any CPU
		{1662D347-7920-40F8-94BD-8F0FEBD61980}.Release|Any CPU.ActiveCfg = Release|Any CPU
		{1662D347-7920-40F8-94BD-8F0FEBD61980}.Release|Any CPU.Build.0 = Release|Any CPU
		{1662D347-7920-40F8-94BD-8F0FEBD61980}.Release|x64.ActiveCfg = Release|Any CPU
		{1662D347-7920-40F8-94BD-8F0FEBD61980}.Release|x64.Build.0 = Release|Any CPU
		{1662D347-7920-40F8-94BD-8F0FEBD61980}.Release|x86.ActiveCfg = Release|Any CPU
		{1662D347-7920-40F8-94BD-8F0FEBD61980}.Release|x86.Build.0 = Release|Any CPU
	EndGlobalSection
	GlobalSection(SolutionProperties) = preSolution
		HideSolutionNode = FALSE
	EndGlobalSection
	GlobalSection(ExtensibilityGlobals) = postSolution
		SolutionGuid = {AF838020-F0AE-4213-A101-A1B24A05622C}
	EndGlobalSection
EndGlobal
